// !$*UTF8*$!
{
	archiveVersion = 1;
	classes = {
	};
	objectVersion = 46;
	objects = {

/* Begin PBXBuildFile section */
		4567F6631C7563790089D6B7 /* ConvoPage.swift in Sources */ = {isa = PBXBuildFile; fileRef = 4567F6621C7563790089D6B7 /* ConvoPage.swift */; };
		45BE31991C6D2F52009AA69D /* AppDelegate.swift in Sources */ = {isa = PBXBuildFile; fileRef = 45BE31981C6D2F52009AA69D /* AppDelegate.swift */; };
		45BE319B1C6D2F52009AA69D /* ViewController.swift in Sources */ = {isa = PBXBuildFile; fileRef = 45BE319A1C6D2F52009AA69D /* ViewController.swift */; };
		45BE319E1C6D2F52009AA69D /* Main.storyboard in Resources */ = {isa = PBXBuildFile; fileRef = 45BE319C1C6D2F52009AA69D /* Main.storyboard */; };
		45BE31A11C6D2F52009AA69D /* ConnectEV.xcdatamodeld in Sources */ = {isa = PBXBuildFile; fileRef = 45BE319F1C6D2F52009AA69D /* ConnectEV.xcdatamodeld */; };
		45BE31A31C6D2F52009AA69D /* Assets.xcassets in Resources */ = {isa = PBXBuildFile; fileRef = 45BE31A21C6D2F52009AA69D /* Assets.xcassets */; };
		45BE31A61C6D2F52009AA69D /* LaunchScreen.storyboard in Resources */ = {isa = PBXBuildFile; fileRef = 45BE31A41C6D2F52009AA69D /* LaunchScreen.storyboard */; };
/* End PBXBuildFile section */

/* Begin PBXFileReference section */
		4567F6621C7563790089D6B7 /* ConvoPage.swift */ = {isa = PBXFileReference; fileEncoding = 4; lastKnownFileType = sourcecode.swift; path = ConvoPage.swift; sourceTree = "<group>"; };
		45BE31951C6D2F52009AA69D /* ConnectEV.app */ = {isa = PBXFileReference; explicitFileType = wrapper.application; includeInIndex = 0; path = ConnectEV.app; sourceTree = BUILT_PRODUCTS_DIR; };
		45BE31981C6D2F52009AA69D /* AppDelegate.swift */ = {isa = PBXFileReference; lastKnownFileType = sourcecode.swift; path = AppDelegate.swift; sourceTree = "<group>"; };
		45BE319A1C6D2F52009AA69D /* ViewController.swift */ = {isa = PBXFileReference; lastKnownFileType = sourcecode.swift; path = ViewController.swift; sourceTree = "<group>"; };
		45BE319D1C6D2F52009AA69D /* Base */ = {isa = PBXFileReference; lastKnownFileType = file.storyboard; name = Base; path = Base.lproj/Main.storyboard; sourceTree = "<group>"; };
		45BE31A01C6D2F52009AA69D /* ConnectEV.xcdatamodel */ = {isa = PBXFileReference; lastKnownFileType = wrapper.xcdatamodel; path = ConnectEV.xcdatamodel; sourceTree = "<group>"; };
		45BE31A21C6D2F52009AA69D /* Assets.xcassets */ = {isa = PBXFileReference; lastKnownFileType = folder.assetcatalog; path = Assets.xcassets; sourceTree = "<group>"; };
		45BE31A51C6D2F52009AA69D /* Base */ = {isa = PBXFileReference; lastKnownFileType = file.storyboard; name = Base; path = Base.lproj/LaunchScreen.storyboard; sourceTree = "<group>"; };
		45BE31A71C6D2F52009AA69D /* Info.plist */ = {isa = PBXFileReference; lastKnownFileType = text.plist.xml; path = Info.plist; sourceTree = "<group>"; };
/* End PBXFileReference section */

/* Begin PBXFrameworksBuildPhase section */
		45BE31921C6D2F52009AA69D /* Frameworks */ = {
			isa = PBXFrameworksBuildPhase;
			buildActionMask = 2147483647;
			files = (
			);
			runOnlyForDeploymentPostprocessing = 0;
		};
/* End PBXFrameworksBuildPhase section */

/* Begin PBXGroup section */
		45BE318C1C6D2F52009AA69D = {
			isa = PBXGroup;
			children = (
				45BE31971C6D2F52009AA69D /* ConnectEV */,
				45BE31961C6D2F52009AA69D /* Products */,
			);
			sourceTree = "<group>";
		};
		45BE31961C6D2F52009AA69D /* Products */ = {
			isa = PBXGroup;
			children = (
				45BE31951C6D2F52009AA69D /* ConnectEV.app */,
			);
			name = Products;
			sourceTree = "<group>";
		};
		45BE31971C6D2F52009AA69D /* ConnectEV */ = {
			isa = PBXGroup;
			children = (
				45BE31981C6D2F52009AA69D /* AppDelegate.swift */,
				45BE319A1C6D2F52009AA69D /* ViewController.swift */,
				4567F6621C7563790089D6B7 /* ConvoPage.swift */,
				45BE319C1C6D2F52009AA69D /* Main.storyboard */,
				45BE31A21C6D2F52009AA69D /* Assets.xcassets */,
				45BE31A41C6D2F52009AA69D /* LaunchScreen.storyboard */,
				45BE31A71C6D2F52009AA69D /* Info.plist */,
				45BE319F1C6D2F52009AA69D /* ConnectEV.xcdatamodeld */,
			);
			path = ConnectEV;
			sourceTree = "<group>";
		};
/* End PBXGroup section */

/* Begin PBXNativeTarget section */
		45BE31941C6D2F52009AA69D /* ConnectEV */ = {
			isa = PBXNativeTarget;
			buildConfigurationList = 45BE31AA1C6D2F52009AA69D /* Build configuration list for PBXNativeTarget "ConnectEV" */;
			buildPhases = (
				45BE31911C6D2F52009AA69D /* Sources */,
				45BE31921C6D2F52009AA69D /* Frameworks */,
				45BE31931C6D2F52009AA69D /* Resources */,
			);
			buildRules = (
			);
			dependencies = (
			);
			name = ConnectEV;
			productName = ConnectEV;
			productReference = 45BE31951C6D2F52009AA69D /* ConnectEV.app */;
			productType = "com.apple.product-type.application";
		};
/* End PBXNativeTarget section */

/* Begin PBXProject section */
		45BE318D1C6D2F52009AA69D /* Project object */ = {
			isa = PBXProject;
			attributes = {
				LastSwiftUpdateCheck = 0720;
				LastUpgradeCheck = 0720;
				ORGANIZATIONNAME = "Chase Drum";
				TargetAttributes = {
					45BE31941C6D2F52009AA69D = {
						CreatedOnToolsVersion = 7.2.1;
					};
				};
			};
			buildConfigurationList = 45BE31901C6D2F52009AA69D /* Build configuration list for PBXProject "ConnectEV" */;
			compatibilityVersion = "Xcode 3.2";
			developmentRegion = English;
			hasScannedForEncodings = 0;
			knownRegions = (
				en,
				Base,
			);
			mainGroup = 45BE318C1C6D2F52009AA69D;
			productRefGroup = 45BE31961C6D2F52009AA69D /* Products */;
			projectDirPath = "";
			projectRoot = "";
			targets = (
				45BE31941C6D2F52009AA69D /* ConnectEV */,
			);
		};
/* End PBXProject section */

/* Begin PBXResourcesBuildPhase section */
		45BE31931C6D2F52009AA69D /* Resources */ = {
			isa = PBXResourcesBuildPhase;
			buildActionMask = 2147483647;
			files = (
				45BE31A61C6D2F52009AA69D /* LaunchScreen.storyboard in Resources */,
				45BE31A31C6D2F52009AA69D /* Assets.xcassets in Resources */,
				45BE319E1C6D2F52009AA69D /* Main.storyboard in Resources */,
			);
			runOnlyForDeploymentPostprocessing = 0;
		};
/* End PBXResourcesBuildPhase section */

/* Begin PBXSourcesBuildPhase section */
		45BE31911C6D2F52009AA69D /* Sources */ = {
			isa = PBXSourcesBuildPhase;
			buildActionMask = 2147483647;
			files = (
				4567F6631C7563790089D6B7 /* ConvoPage.swift in Sources */,
				45BE31A11C6D2F52009AA69D /* ConnectEV.xcdatamodeld in Sources */,
				45BE319B1C6D2F52009AA69D /* ViewController.swift in Sources */,
				45BE31991C6D2F52009AA69D /* AppDelegate.swift in Sources */,
			);
			runOnlyForDeploymentPostprocessing = 0;
		};
/* End PBXSourcesBuildPhase section */

/* Begin PBXVariantGroup section */
		45BE319C1C6D2F52009AA69D /* Main.storyboard */ = {
			isa = PBXVariantGroup;
			children = (
				45BE319D1C6D2F52009AA69D /* Base */,
			);
			name = Main.storyboard;
			sourceTree = "<group>";
		};
		45BE31A41C6D2F52009AA69D /* LaunchScreen.storyboard */ = {
			isa = PBXVariantGroup;
			children = (
				45BE31A51C6D2F52009AA69D /* Base */,
			);
			name = LaunchScreen.storyboard;
			sourceTree = "<group>";
		};
/* End PBXVariantGroup section */

/* Begin XCBuildConfiguration section */
		45BE31A81C6D2F52009AA69D /* Debug */ = {
			isa = XCBuildConfiguration;
			buildSettings = {
				ALWAYS_SEARCH_USER_PATHS = NO;
				CLANG_CXX_LANGUAGE_STANDARD = "gnu++0x";
				CLANG_CXX_LIBRARY = "libc++";
				CLANG_ENABLE_MODULES = YES;
				CLANG_ENABLE_OBJC_ARC = YES;
				CLANG_WARN_BOOL_CONVERSION = YES;
				CLANG_WARN_CONSTANT_CONVERSION = YES;
				CLANG_WARN_DIRECT_OBJC_ISA_USAGE = YES_ERROR;
				CLANG_WARN_EMPTY_BODY = YES;
				CLANG_WARN_ENUM_CONVERSION = YES;
				CLANG_WARN_INT_CONVERSION = YES;
				CLANG_WARN_OBJC_ROOT_CLASS = YES_ERROR;
				CLANG_WARN_UNREACHABLE_CODE = YES;
				CLANG_WARN__DUPLICATE_METHOD_MATCH = YES;
				"CODE_SIGN_IDENTITY[sdk=iphoneos*]" = "iPhone Developer";
				COPY_PHASE_STRIP = NO;
				DEBUG_INFORMATION_FORMAT = dwarf;
				ENABLE_STRICT_OBJC_MSGSEND = YES;
				ENABLE_TESTABILITY = YES;
				GCC_C_LANGUAGE_STANDARD = gnu99;
				GCC_DYNAMIC_NO_PIC = NO;
				GCC_NO_COMMON_BLOCKS = YES;
				GCC_OPTIMIZATION_LEVEL = 0;
				GCC_PREPROCESSOR_DEFINITIONS = (
					"DEBUG=1",
					"$(inherited)",
				);
				GCC_WARN_64_TO_32_BIT_CONVERSION = YES;
				GCC_WARN_ABOUT_RETURN_TYPE = YES_ERROR;
				GCC_WARN_UNDECLARED_SELECTOR = YES;
				GCC_WARN_UNINITIALIZED_AUTOS = YES_AGGRESSIVE;
				GCC_WARN_UNUSED_FUNCTION = YES;
				GCC_WARN_UNUSED_VARIABLE = YES;
				IPHONEOS_DEPLOYMENT_TARGET = 9.2;
				MTL_ENABLE_DEBUG_INFO = YES;
				ONLY_ACTIVE_ARCH = YES;
				SDKROOT = iphoneos;
				SWIFT_OPTIMIZATION_LEVEL = "-Onone";
				TARGETED_DEVICE_FAMILY = "1,2";
			};
			name = Debug;
		};
		45BE31A91C6D2F52009AA69D /* Release */ = {
			isa = XCBuildConfiguration;
			buildSettings = {
				ALWAYS_SEARCH_USER_PATHS = NO;
				CLANG_CXX_LANGUAGE_STANDARD = "gnu++0x";
				CLANG_CXX_LIBRARY = "libc++";
				CLANG_ENABLE_MODULES = YES;
				CLANG_ENABLE_OBJC_ARC = YES;
				CLANG_WARN_BOOL_CONVERSION = YES;
				CLANG_WARN_CONSTANT_CONVERSION = YES;
				CLANG_WARN_DIRECT_OBJC_ISA_USAGE = YES_ERROR;
				CLANG_WARN_EMPTY_BODY = YES;
				CLANG_WARN_ENUM_CONVERSION = YES;
				CLANG_WARN_INT_CONVERSION = YES;
				CLANG_WARN_OBJC_ROOT_CLASS = YES_ERROR;
				CLANG_WARN_UNREACHABLE_CODE = YES;
				CLANG_WARN__DUPLICATE_METHOD_MATCH = YES;
				"CODE_SIGN_IDENTITY[sdk=iphoneos*]" = "iPhone Developer";
				COPY_PHASE_STRIP = NO;
				DEBUG_INFORMATION_FORMAT = "dwarf-with-dsym";
				ENABLE_NS_ASSERTIONS = NO;
				ENABLE_STRICT_OBJC_MSGSEND = YES;
				GCC_C_LANGUAGE_STANDARD = gnu99;
				GCC_NO_COMMON_BLOCKS = YES;
				GCC_WARN_64_TO_32_BIT_CONVERSION = YES;
				GCC_WARN_ABOUT_RETURN_TYPE = YES_ERROR;
				GCC_WARN_UNDECLARED_SELECTOR = YES;
				GCC_WARN_UNINITIALIZED_AUTOS = YES_AGGRESSIVE;
				GCC_WARN_UNUSED_FUNCTION = YES;
				GCC_WARN_UNUSED_VARIABLE = YES;
				IPHONEOS_DEPLOYMENT_TARGET = 9.2;
				MTL_ENABLE_DEBUG_INFO = NO;
				SDKROOT = iphoneos;
				TARGETED_DEVICE_FAMILY = "1,2";
				VALIDATE_PRODUCT = YES;
			};
			name = Release;
		};
		45BE31AB1C6D2F52009AA69D /* Debug */ = {
			isa = XCBuildConfiguration;
			buildSettings = {
				ASSETCATALOG_COMPILER_APPICON_NAME = AppIcon;
				INFOPLIST_FILE = ConnectEV/Info.plist;
				LD_RUNPATH_SEARCH_PATHS = "$(inherited) @executable_path/Frameworks";
				PRODUCT_BUNDLE_IDENTIFIER = Alpha.ConnectEV;
				PRODUCT_NAME = "$(TARGET_NAME)";
			};
			name = Debug;
		};
		45BE31AC1C6D2F52009AA69D /* Release */ = {
			isa = XCBuildConfiguration;
			buildSettings = {
				ASSETCATALOG_COMPILER_APPICON_NAME = AppIcon;
				INFOPLIST_FILE = ConnectEV/Info.plist;
				LD_RUNPATH_SEARCH_PATHS = "$(inherited) @executable_path/Frameworks";
				PRODUCT_BUNDLE_IDENTIFIER = Alpha.ConnectEV;
				PRODUCT_NAME = "$(TARGET_NAME)";
			};
			name = Release;
		};
/* End XCBuildConfiguration section */

/* Begin XCConfigurationList section */
		45BE31901C6D2F52009AA69D /* Build configuration list for PBXProject "ConnectEV" */ = {
			isa = XCConfigurationList;
			buildConfigurations = (
				45BE31A81C6D2F52009AA69D /* Debug */,
				45BE31A91C6D2F52009AA69D /* Release */,
			);
			defaultConfigurationIsVisible = 0;
			defaultConfigurationName = Release;
		};
		45BE31AA1C6D2F52009AA69D /* Build configuration list for PBXNativeTarget "ConnectEV" */ = {
			isa = XCConfigurationList;
			buildConfigurations = (
				45BE31AB1C6D2F52009AA69D /* Debug */,
				45BE31AC1C6D2F52009AA69D /* Release */,
			);
			defaultConfigurationIsVisible = 0;
			defaultConfigurationName = Release;
		};
/* End XCConfigurationList section */

/* Begin XCVersionGroup section */
		45BE319F1C6D2F52009AA69D /* ConnectEV.xcdatamodeld */ = {
			isa = XCVersionGroup;
			children = (
				45BE31A01C6D2F52009AA69D /* ConnectEV.xcdatamodel */,
			);
			currentVersion = 45BE31A01C6D2F52009AA69D /* ConnectEV.xcdatamodel */;
			path = ConnectEV.xcdatamodeld;
			sourceTree = "<group>";
			versionGroupType = wrapper.xcdatamodel;
		};
/* End XCVersionGroup section */
	};
	rootObject = 45BE318D1C6D2F52009AA69D /* Project object */;
}
